
Microsoft Visual Studio Solution File, Format Version 12.00
# Visual Studio 15
VisualStudioVersion = 15.0.27130.2036
MinimumVisualStudioVersion = 10.0.40219.1
Project("{FAE04EC0-301F-11D3-BF4B-00C04F79EFBC}") = "OOP8", "OOP8\OOP8.csproj", "{140D7D4B-ACC8-46CF-9C84-0F7163123360}"
EndProject
Global
	GlobalSection(SolutionConfigurationPlatforms) = preSolution
		Debug|Any CPU = Debug|Any CPU
		Release|Any CPU = Release|Any CPU
	EndGlobalSection
	GlobalSection(ProjectConfigurationPlatforms) = postSolution
		{140D7D4B-ACC8-46CF-9C84-0F7163123360}.Debug|Any CPU.ActiveCfg = Debug|Any CPU
		{140D7D4B-ACC8-46CF-9C84-0F7163123360}.Debug|Any CPU.Build.0 = Debug|Any CPU
		{140D7D4B-ACC8-46CF-9C84-0F7163123360}.Release|Any CPU.ActiveCfg = Release|Any CPU
		{140D7D4B-ACC8-46CF-9C84-0F7163123360}.Release|Any CPU.Build.0 = Release|Any CPU
	EndGlobalSection
	GlobalSection(SolutionProperties) = preSolution
		HideSolutionNode = FALSE
	EndGlobalSection
	GlobalSection(ExtensibilityGlobals) = postSolution
		SolutionGuid = {70F0E877-4AAC-48E9-AC34-0C201DFEC52F}
	EndGlobalSection
EndGlobal
